lockfileVersion: '6.0'

settings:
  autoInstallPeers: true
  excludeLinksFromLockfile: false

devDependencies:
  '@types/node':
    specifier: ^20.9.3
    version: 20.9.3
  dbmate:
    specifier: ^2.8.0
    version: 2.8.0

packages:

  /@dbmate/darwin-arm64@2.8.0:
    resolution: {integrity: sha512-fDVbQktcQP0cAGoAkxanIf9so5EAcq1LVOKTgHc8JR8VczQGNShEbZ/NygCNu296XGW1kjBbj0THeSkoG7EwmQ==}
    cpu: [arm64]
    os: [darwin]
    requiresBuild: true
    dev: true
    optional: true

  /@dbmate/darwin-x64@2.8.0:
    resolution: {integrity: sha512-59KwrTMLw4LJLPk8sSIwHkFqZLz1tUrlhWoNnwv/KyyHykKW11jOdhGn7fVXyR0XLiG7LeCrmwK1KBkstSr3fw==}
    cpu: [x64]
    os: [darwin]
    requiresBuild: true
    dev: true
    optional: true

  /@dbmate/linux-arm64@2.8.0:
    resolution: {integrity: sha512-Fzp7rwHWa979O3Tv6lYM/hhdt3Rdd3jkGeNbuh8A3UCBCTZsqD5R1Qp14kawNW8v57hVVwQA8hopAgHTjGaCaQ==}
    cpu: [arm64]
    os: [linux]
    requiresBuild: true
    dev: true
    optional: true

  /@dbmate/linux-arm@2.8.0:
    resolution: {integrity: sha512-s7SEBR9wabYH+txpu8ktR4F2UJ0TxQYyIo7nJJ8tR6j+T32agSTC9tHFhkMehZphybnYXel4EOvmbaIwr0W20g==}
    cpu: [arm]
    os: [linux]
    requiresBuild: true
    dev: true
    optional: true

  /@dbmate/linux-ia32@2.8.0:
    resolution: {integrity: sha512-VDa20odQ0pSfMTDkdB7ELznrYiqDR3bjVJNP2VvVnttQLsvve0yE3Y2GaH6mOnnIVPu4RScQoGtzrii6DcszWQ==}
    cpu: [ia32]
    os: [linux]
    requiresBuild: true
    dev: true
    optional: true

  /@dbmate/linux-x64@2.8.0:
    resolution: {integrity: sha512-6Q/gfhaRLsnMNaR9YHsi/VdB571ENfF3dv0xVNnZEEfagZaeZDIlnSu4bzee/GTjynqXwUD6sE4MG7bIBRbFqg==}
    cpu: [x64]
    os: [linux]
    requiresBuild: true
    dev: true
    optional: true

  /@dbmate/win32-x64@2.8.0:
    resolution: {integrity: sha512-VmcKgYq1wNuOVTx4SrBiiqGAxv+LTWK8a5Bss2FXPq4Kwo+kn6d+K/j9tEhs60SfcwtWE0KXfYALQxw1ORlVvw==}
    cpu: [x64]
    os: [win32]
    requiresBuild: true
    dev: true
    optional: true

  /@types/node@20.9.3:
    resolution: {integrity: sha512-nk5wXLAXGBKfrhLB0cyHGbSqopS+nz0BUgZkUQqSHSSgdee0kssp1IAqlQOu333bW+gMNs2QREx7iynm19Abxw==}
    dependencies:
      undici-types: 5.26.5
    dev: true

  /dbmate@2.8.0:
    resolution: {integrity: sha512-mXPWCcl/rbQjXBQWdw/KeysKGJ9bMVFweSIEwp2owuw+5jp3ohw0S7nNgWiFvhLhGfdixgTxb82/EQ0zcUj57A==}
    hasBin: true
    optionalDependencies:
      '@dbmate/darwin-arm64': 2.8.0
      '@dbmate/darwin-x64': 2.8.0
      '@dbmate/linux-arm': 2.8.0
      '@dbmate/linux-arm64': 2.8.0
      '@dbmate/linux-ia32': 2.8.0
      '@dbmate/linux-x64': 2.8.0
      '@dbmate/win32-x64': 2.8.0
    dev: true

  /undici-types@5.26.5:
    resolution: {integrity: sha512-JlCMO+ehdEIKqlFxk6IfVoAUVmgz7cU7zD/h9XZ0qzeosSHmUJVOzSQvvYSYWXkFXC+IfLKSIffhv0sVZup6pA==}
    dev: true
